
Microsoft Visual Studio Solution File, Format Version 12.00
Project("{FAE04EC0-301F-11D3-BF4B-00C04F79EFBC}") = "Struds.Net.Tides.Core", "Struds.Net.Tides.Core\Struds.Net.Tides.Core.csproj", "{56174723-267C-4676-B0EF-EA3864208D05}"
EndProject
Global
	GlobalSection(SolutionConfigurationPlatforms) = preSolution
		Debug|Any CPU = Debug|Any CPU
		Release|Any CPU = Release|Any CPU
	EndGlobalSection
	GlobalSection(ProjectConfigurationPlatforms) = postSolution
		{56174723-267C-4676-B0EF-EA3864208D05}.Debug|Any CPU.ActiveCfg = Debug|Any CPU
		{56174723-267C-4676-B0EF-EA3864208D05}.Debug|Any CPU.Build.0 = Debug|Any CPU
		{56174723-267C-4676-B0EF-EA3864208D05}.Release|Any CPU.ActiveCfg = Release|Any CPU
		{56174723-267C-4676-B0EF-EA3864208D05}.Release|Any CPU.Build.0 = Release|Any CPU
	EndGlobalSection
EndGlobal
